
Microsoft Visual Studio Solution File, Format Version 9.00
# Visual Studio 2005
Project("{FAE04EC0-301F-11D3-BF4B-00C04F79EFBC}") = "Viewer", "Viewer\Viewer.csproj", "{9EF61339-0279-4CD2-89AC-BBB505A843E7}"
EndProject
Project("{FAE04EC0-301F-11D3-BF4B-00C04F79EFBC}") = "Master", "Master\Master.csproj", "{269C82A0-D896-4901-AC7D-FDB423D3FF09}"
EndProject
Global
	GlobalSection(SolutionConfigurationPlatforms) = preSolution
		Debug|Any CPU = Debug|Any CPU
		Release|Any CPU = Release|Any CPU
	EndGlobalSection
	GlobalSection(ProjectConfigurationPlatforms) = postSolution
		{9EF61339-0279-4CD2-89AC-BBB505A843E7}.Debug|Any CPU.ActiveCfg = Debug|Any CPU
		{9EF61339-0279-4CD2-89AC-BBB505A843E7}.Debug|Any CPU.Build.0 = Debug|Any CPU
		{9EF61339-0279-4CD2-89AC-BBB505A843E7}.Debug|Any CPU.Deploy.0 = Debug|Any CPU
		{9EF61339-0279-4CD2-89AC-BBB505A843E7}.Release|Any CPU.ActiveCfg = Release|Any CPU
		{9EF61339-0279-4CD2-89AC-BBB505A843E7}.Release|Any CPU.Build.0 = Release|Any CPU
		{9EF61339-0279-4CD2-89AC-BBB505A843E7}.Release|Any CPU.Deploy.0 = Release|Any CPU
		{269C82A0-D896-4901-AC7D-FDB423D3FF09}.Debug|Any CPU.ActiveCfg = Debug|Any CPU
		{269C82A0-D896-4901-AC7D-FDB423D3FF09}.Debug|Any CPU.Build.0 = Debug|Any CPU
		{269C82A0-D896-4901-AC7D-FDB423D3FF09}.Release|Any CPU.ActiveCfg = Release|Any CPU
		{269C82A0-D896-4901-AC7D-FDB423D3FF09}.Release|Any CPU.Build.0 = Release|Any CPU
	EndGlobalSection
	GlobalSection(SolutionProperties) = preSolution
		HideSolutionNode = FALSE
	EndGlobalSection
EndGlobal
